<?xml version="1.0" encoding="utf-8"?>
<Project ToolsVersion="4.0" xmlns="http://schemas.microsoft.com/developer/msbuild/2003">
  <ItemGroup>
    <Filter Include="Source Files">
      <UniqueIdentifier>{4FC737F1-C7A5-4376-A066-2A32D752A2FF}</UniqueIdentifier>
      <Extensions>cpp;c;cc;cxx;c++;cppm;ixx;def;odl;idl;hpj;bat;asm;asmx</Extensions>
    </Filter>
    <Filter Include="Header Files">
      <UniqueIdentifier>{93995380-89BD-4b04-88EB-625FBE52EBFB}</UniqueIdentifier>
      <Extensions>h;hh;hpp;hxx;h++;hm;inl;inc;ipp;xsd</Extensions>
    </Filter>
    <Filter Include="Resource Files">
      <UniqueIdentifier>{67DA6AB6-F800-4c08-8B7A-83BB121AAD01}</UniqueIdentifier>
      <Extensions>rc;ico;cur;bmp;dlg;rc2;rct;bin;rgs;gif;jpg;jpeg;jpe;resx;tiff;tif;png;wav;mfcribbon-ms</Extensions>
    </Filter>
  </ItemGroup>
  <ItemGroup>
    <ClCompile Include="src\Actor.cpp">
      <Filter>Source Files</Filter>
    </ClCompile>
    <ClCompile Include="src\FileName.cpp">
      <Filter>Source Files</Filter>
    </ClCompile>
    <ClCompile Include="src\SceneDB.cpp">
      <Filter>Source Files</Filter>
    </ClCompile>
    <ClCompile Include="src\TemplateDB.cpp">
      <Filter>Source Files</Filter>
    </ClCompile>
    <ClCompile Include="src\ImageDB.cpp">
      <Filter>Source Files</Filter>
    </ClCompile>
    <ClCompile Include="src\TextDB.cpp">
      <Filter>Source Files</Filter>
    </ClCompile>
    <ClCompile Include="src\AudioDB.cpp">
      <Filter>Source Files</Filter>
    </ClCompile>
    <ClCompile Include="src\Input.cpp">
      <Filter>Source Files</Filter>
    </ClCompile>
    <ClCompile Include="src\ComponentManager.cpp">
      <Filter>Source Files</Filter>
    </ClCompile>
    <ClCompile Include="Third Party\Lua\lapi.c">
      <Filter>Source Files</Filter>
    </ClCompile>
    <ClCompile Include="Third Party\Lua\lauxlib.c">
      <Filter>Source Files</Filter>
    </ClCompile>
    <ClCompile Include="Third Party\Lua\lbaselib.c">
      <Filter>Source Files</Filter>
    </ClCompile>
    <ClCompile Include="Third Party\Lua\lcode.c">
      <Filter>Source Files</Filter>
    </ClCompile>
    <ClCompile Include="Third Party\Lua\lcorolib.c">
      <Filter>Source Files</Filter>
    </ClCompile>
    <ClCompile Include="Third Party\Lua\lctype.c">
      <Filter>Source Files</Filter>
    </ClCompile>
    <ClCompile Include="Third Party\Lua\ldblib.c">
      <Filter>Source Files</Filter>
    </ClCompile>
    <ClCompile Include="Third Party\Lua\ldebug.c">
      <Filter>Source Files</Filter>
    </ClCompile>
    <ClCompile Include="Third Party\Lua\ldo.c">
      <Filter>Source Files</Filter>
    </ClCompile>
    <ClCompile Include="Third Party\Lua\ldump.c">
      <Filter>Source Files</Filter>
    </ClCompile>
    <ClCompile Include="Third Party\Lua\lfunc.c">
      <Filter>Source Files</Filter>
    </ClCompile>
    <ClCompile Include="Third Party\Lua\lgc.c">
      <Filter>Source Files</Filter>
    </ClCompile>
    <ClCompile Include="Third Party\Lua\linit.c">
      <Filter>Source Files</Filter>
    </ClCompile>
    <ClCompile Include="Third Party\Lua\liolib.c">
      <Filter>Source Files</Filter>
    </ClCompile>
    <ClCompile Include="Third Party\Lua\llex.c">
      <Filter>Source Files</Filter>
    </ClCompile>
    <ClCompile Include="Third Party\Lua\lmathlib.c">
      <Filter>Source Files</Filter>
    </ClCompile>
    <ClCompile Include="Third Party\Lua\lmem.c">
      <Filter>Source Files</Filter>
    </ClCompile>
    <ClCompile Include="Third Party\Lua\loadlib.c">
      <Filter>Source Files</Filter>
    </ClCompile>
    <ClCompile Include="Third Party\Lua\lobject.c">
      <Filter>Source Files</Filter>
    </ClCompile>
    <ClCompile Include="Third Party\Lua\lopcodes.c">
      <Filter>Source Files</Filter>
    </ClCompile>
    <ClCompile Include="Third Party\Lua\loslib.c">
      <Filter>Source Files</Filter>
    </ClCompile>
    <ClCompile Include="Third Party\Lua\lparser.c">
      <Filter>Source Files</Filter>
    </ClCompile>
    <ClCompile Include="Third Party\Lua\lstate.c">
      <Filter>Source Files</Filter>
    </ClCompile>
    <ClCompile Include="Third Party\Lua\lstring.c">
      <Filter>Source Files</Filter>
    </ClCompile>
    <ClCompile Include="Third Party\Lua\lstrlib.c">
      <Filter>Source Files</Filter>
    </ClCompile>
    <ClCompile Include="Third Party\Lua\ltable.c">
      <Filter>Source Files</Filter>
    </ClCompile>
    <ClCompile Include="Third Party\Lua\ltablib.c">
      <Filter>Source Files</Filter>
    </ClCompile>
    <ClCompile Include="Third Party\Lua\ltm.c">
      <Filter>Source Files</Filter>
    </ClCompile>
    <ClCompile Include="Third Party\Lua\lundump.c">
      <Filter>Source Files</Filter>
    </ClCompile>
    <ClCompile Include="Third Party\Lua\lutf8lib.c">
      <Filter>Source Files</Filter>
    </ClCompile>
    <ClCompile Include="Third Party\Lua\lvm.c">
      <Filter>Source Files</Filter>
    </ClCompile>
    <ClCompile Include="Third Party\Lua\lzio.c">
      <Filter>Source Files</Filter>
    </ClCompile>
    <ClCompile Include="src\Renderer.cpp">
      <Filter>Source Files</Filter>
    </ClCompile>
    <ClCompile Include="src\Rigidbody.cpp">
      <Filter>Source Files</Filter>
    </ClCompile>
    <ClCompile Include="src\collision\b2_broad_phase.cpp">
      <Filter>Source Files</Filter>
    </ClCompile>
    <ClCompile Include="src\collision\b2_chain_shape.cpp">
      <Filter>Source Files</Filter>
    </ClCompile>
    <ClCompile Include="src\collision\b2_circle_shape.cpp">
      <Filter>Source Files</Filter>
    </ClCompile>
    <ClCompile Include="src\collision\b2_collide_circle.cpp">
      <Filter>Source Files</Filter>
    </ClCompile>
    <ClCompile Include="src\collision\b2_collide_edge.cpp">
      <Filter>Source Files</Filter>
    </ClCompile>
    <ClCompile Include="src\collision\b2_collide_polygon.cpp">
      <Filter>Source Files</Filter>
    </ClCompile>
    <ClCompile Include="src\collision\b2_collision.cpp">
      <Filter>Source Files</Filter>
    </ClCompile>
    <ClCompile Include="src\collision\b2_distance.cpp">
      <Filter>Source Files</Filter>
    </ClCompile>
    <ClCompile Include="src\collision\b2_dynamic_tree.cpp">
      <Filter>Source Files</Filter>
    </ClCompile>
    <ClCompile Include="src\collision\b2_edge_shape.cpp">
      <Filter>Source Files</Filter>
    </ClCompile>
    <ClCompile Include="src\collision\b2_polygon_shape.cpp">
      <Filter>Source Files</Filter>
    </ClCompile>
    <ClCompile Include="src\collision\b2_time_of_impact.cpp">
      <Filter>Source Files</Filter>
    </ClCompile>
    <ClCompile Include="src\common\b2_block_allocator.cpp">
      <Filter>Source Files</Filter>
    </ClCompile>
    <ClCompile Include="src\common\b2_draw.cpp">
      <Filter>Source Files</Filter>
    </ClCompile>
    <ClCompile Include="src\common\b2_math.cpp">
      <Filter>Source Files</Filter>
    </ClCompile>
    <ClCompile Include="src\common\b2_settings.cpp">
      <Filter>Source Files</Filter>
    </ClCompile>
    <ClCompile Include="src\common\b2_stack_allocator.cpp">
      <Filter>Source Files</Filter>
    </ClCompile>
    <ClCompile Include="src\common\b2_timer.cpp">
      <Filter>Source Files</Filter>
    </ClCompile>
    <ClCompile Include="src\dynamics\b2_body.cpp">
      <Filter>Source Files</Filter>
    </ClCompile>
    <ClCompile Include="src\dynamics\b2_chain_circle_contact.cpp">
      <Filter>Source Files</Filter>
    </ClCompile>
    <ClCompile Include="src\dynamics\b2_chain_polygon_contact.cpp">
      <Filter>Source Files</Filter>
    </ClCompile>
    <ClCompile Include="src\dynamics\b2_circle_contact.cpp">
      <Filter>Source Files</Filter>
    </ClCompile>
    <ClCompile Include="src\dynamics\b2_contact.cpp">
      <Filter>Source Files</Filter>
    </ClCompile>
    <ClCompile Include="src\dynamics\b2_contact_manager.cpp">
      <Filter>Source Files</Filter>
    </ClCompile>
    <ClCompile Include="src\dynamics\b2_contact_solver.cpp">
      <Filter>Source Files</Filter>
    </ClCompile>
    <ClCompile Include="src\dynamics\b2_distance_joint.cpp">
      <Filter>Source Files</Filter>
    </ClCompile>
    <ClCompile Include="src\dynamics\b2_edge_circle_contact.cpp">
      <Filter>Source Files</Filter>
    </ClCompile>
    <ClCompile Include="src\dynamics\b2_edge_polygon_contact.cpp">
      <Filter>Source Files</Filter>
    </ClCompile>
    <ClCompile Include="src\dynamics\b2_fixture.cpp">
      <Filter>Source Files</Filter>
    </ClCompile>
    <ClCompile Include="src\dynamics\b2_friction_joint.cpp">
      <Filter>Source Files</Filter>
    </ClCompile>
    <ClCompile Include="src\dynamics\b2_gear_joint.cpp">
      <Filter>Source Files</Filter>
    </ClCompile>
    <ClCompile Include="src\dynamics\b2_island.cpp">
      <Filter>Source Files</Filter>
    </ClCompile>
    <ClCompile Include="src\dynamics\b2_joint.cpp">
      <Filter>Source Files</Filter>
    </ClCompile>
    <ClCompile Include="src\dynamics\b2_motor_joint.cpp">
      <Filter>Source Files</Filter>
    </ClCompile>
    <ClCompile Include="src\dynamics\b2_mouse_joint.cpp">
      <Filter>Source Files</Filter>
    </ClCompile>
    <ClCompile Include="src\dynamics\b2_polygon_circle_contact.cpp">
      <Filter>Source Files</Filter>
    </ClCompile>
    <ClCompile Include="src\dynamics\b2_polygon_contact.cpp">
      <Filter>Source Files</Filter>
    </ClCompile>
    <ClCompile Include="src\dynamics\b2_prismatic_joint.cpp">
      <Filter>Source Files</Filter>
    </ClCompile>
    <ClCompile Include="src\dynamics\b2_pulley_joint.cpp">
      <Filter>Source Files</Filter>
    </ClCompile>
    <ClCompile Include="src\dynamics\b2_revolute_joint.cpp">
      <Filter>Source Files</Filter>
    </ClCompile>
    <ClCompile Include="src\dynamics\b2_weld_joint.cpp">
      <Filter>Source Files</Filter>
    </ClCompile>
    <ClCompile Include="src\dynamics\b2_wheel_joint.cpp">
      <Filter>Source Files</Filter>
    </ClCompile>
    <ClCompile Include="src\dynamics\b2_world.cpp">
      <Filter>Source Files</Filter>
    </ClCompile>
    <ClCompile Include="src\dynamics\b2_world_callbacks.cpp">
      <Filter>Source Files</Filter>
    </ClCompile>
    <ClCompile Include="src\rope\b2_rope.cpp">
      <Filter>Source Files</Filter>
    </ClCompile>
    <ClCompile Include="src\Raycast.cpp">
      <Filter>Source Files</Filter>
    </ClCompile>
    <ClCompile Include="src\Event.cpp">
      <Filter>Source Files</Filter>
    </ClCompile>
  </ItemGroup>
  <ItemGroup>
    <ClInclude Include="src\Actor.h">
      <Filter>Header Files</Filter>
    </ClInclude>
    <ClInclude Include="src\MapHelper.h">
      <Filter>Header Files</Filter>
    </ClInclude>
    <ClInclude Include="src\SceneDB.h">
      <Filter>Header Files</Filter>
    </ClInclude>
    <ClInclude Include="src\TemplateDB.h">
      <Filter>Header Files</Filter>
    </ClInclude>
    <ClInclude Include="src\Helper.h">
      <Filter>Header Files</Filter>
    </ClInclude>
    <ClInclude Include="src\AudioHelper.h">
      <Filter>Header Files</Filter>
    </ClInclude>
    <ClInclude Include="src\ImageDB.h">
      <Filter>Header Files</Filter>
    </ClInclude>
    <ClInclude Include="src\TextDB.h">
      <Filter>Header Files</Filter>
    </ClInclude>
    <ClInclude Include="src\AudioDB.h">
      <Filter>Header Files</Filter>
    </ClInclude>
    <ClInclude Include="src\Input.h">
      <Filter>Header Files</Filter>
    </ClInclude>
    <ClInclude Include="src\ComponentManager.h">
      <Filter>Header Files</Filter>
    </ClInclude>
    <ClInclude Include="Third Party\LuaBridge\Array.h">
      <Filter>Header Files</Filter>
    </ClInclude>
    <ClInclude Include="Third Party\LuaBridge\detail\CFunctions.h">
      <Filter>Header Files</Filter>
    </ClInclude>
    <ClInclude Include="Third Party\LuaBridge\detail\ClassInfo.h">
      <Filter>Header Files</Filter>
    </ClInclude>
    <ClInclude Include="Third Party\LuaBridge\detail\Config.h">
      <Filter>Header Files</Filter>
    </ClInclude>
    <ClInclude Include="Third Party\LuaBridge\detail\Constructor.h">
      <Filter>Header Files</Filter>
    </ClInclude>
    <ClInclude Include="Third Party\LuaBridge\detail\dump.h">
      <Filter>Header Files</Filter>
    </ClInclude>
    <ClInclude Include="Third Party\LuaBridge\detail\FuncTraits.h">
      <Filter>Header Files</Filter>
    </ClInclude>
    <ClInclude Include="Third Party\LuaBridge\detail\Iterator.h">
      <Filter>Header Files</Filter>
    </ClInclude>
    <ClInclude Include="Third Party\LuaBridge\detail\LuaException.h">
      <Filter>Header Files</Filter>
    </ClInclude>
    <ClInclude Include="Third Party\LuaBridge\detail\LuaHelpers.h">
      <Filter>Header Files</Filter>
    </ClInclude>
    <ClInclude Include="Third Party\LuaBridge\detail\LuaRef.h">
      <Filter>Header Files</Filter>
    </ClInclude>
    <ClInclude Include="Third Party\LuaBridge\detail\Namespace.h">
      <Filter>Header Files</Filter>
    </ClInclude>
    <ClInclude Include="Third Party\LuaBridge\detail\Security.h">
      <Filter>Header Files</Filter>
    </ClInclude>
    <ClInclude Include="Third Party\LuaBridge\detail\Stack.h">
      <Filter>Header Files</Filter>
    </ClInclude>
    <ClInclude Include="Third Party\LuaBridge\detail\TypeList.h">
      <Filter>Header Files</Filter>
    </ClInclude>
    <ClInclude Include="Third Party\LuaBridge\detail\TypeTraits.h">
      <Filter>Header Files</Filter>
    </ClInclude>
    <ClInclude Include="Third Party\LuaBridge\detail\Userdata.h">
      <Filter>Header Files</Filter>
    </ClInclude>
    <ClInclude Include="Third Party\LuaBridge\List.h">
      <Filter>Header Files</Filter>
    </ClInclude>
    <ClInclude Include="Third Party\LuaBridge\LuaBridge.h">
      <Filter>Header Files</Filter>
    </ClInclude>
    <ClInclude Include="Third Party\LuaBridge\Map.h">
      <Filter>Header Files</Filter>
    </ClInclude>
    <ClInclude Include="Third Party\LuaBridge\Optional.h">
      <Filter>Header Files</Filter>
    </ClInclude>
    <ClInclude Include="Third Party\LuaBridge\RefCountedObject.h">
      <Filter>Header Files</Filter>
    </ClInclude>
    <ClInclude Include="Third Party\LuaBridge\RefCountedPtr.h">
      <Filter>Header Files</Filter>
    </ClInclude>
    <ClInclude Include="Third Party\LuaBridge\UnorderedMap.h">
      <Filter>Header Files</Filter>
    </ClInclude>
    <ClInclude Include="Third Party\LuaBridge\Vector.h">
      <Filter>Header Files</Filter>
    </ClInclude>
    <ClInclude Include="Third Party\Lua\lapi.h">
      <Filter>Header Files</Filter>
    </ClInclude>
    <ClInclude Include="Third Party\Lua\lauxlib.h">
      <Filter>Header Files</Filter>
    </ClInclude>
    <ClInclude Include="Third Party\Lua\lcode.h">
      <Filter>Header Files</Filter>
    </ClInclude>
    <ClInclude Include="Third Party\Lua\lctype.h">
      <Filter>Header Files</Filter>
    </ClInclude>
    <ClInclude Include="Third Party\Lua\ldebug.h">
      <Filter>Header Files</Filter>
    </ClInclude>
    <ClInclude Include="Third Party\Lua\ldo.h">
      <Filter>Header Files</Filter>
    </ClInclude>
    <ClInclude Include="Third Party\Lua\lfunc.h">
      <Filter>Header Files</Filter>
    </ClInclude>
    <ClInclude Include="Third Party\Lua\lgc.h">
      <Filter>Header Files</Filter>
    </ClInclude>
    <ClInclude Include="Third Party\Lua\ljumptab.h">
      <Filter>Header Files</Filter>
    </ClInclude>
    <ClInclude Include="Third Party\Lua\llex.h">
      <Filter>Header Files</Filter>
    </ClInclude>
    <ClInclude Include="Third Party\Lua\llimits.h">
      <Filter>Header Files</Filter>
    </ClInclude>
    <ClInclude Include="Third Party\Lua\lmem.h">
      <Filter>Header Files</Filter>
    </ClInclude>
    <ClInclude Include="Third Party\Lua\lobject.h">
      <Filter>Header Files</Filter>
    </ClInclude>
    <ClInclude Include="Third Party\Lua\lopcodes.h">
      <Filter>Header Files</Filter>
    </ClInclude>
    <ClInclude Include="Third Party\Lua\lopnames.h">
      <Filter>Header Files</Filter>
    </ClInclude>
    <ClInclude Include="Third Party\Lua\lparser.h">
      <Filter>Header Files</Filter>
    </ClInclude>
    <ClInclude Include="Third Party\Lua\lprefix.h">
      <Filter>Header Files</Filter>
    </ClInclude>
    <ClInclude Include="Third Party\Lua\lstate.h">
      <Filter>Header Files</Filter>
    </ClInclude>
    <ClInclude Include="Third Party\Lua\lstring.h">
      <Filter>Header Files</Filter>
    </ClInclude>
    <ClInclude Include="Third Party\Lua\ltable.h">
      <Filter>Header Files</Filter>
    </ClInclude>
    <ClInclude Include="Third Party\Lua\ltm.h">
      <Filter>Header Files</Filter>
    </ClInclude>
    <ClInclude Include="Third Party\Lua\lua.h">
      <Filter>Header Files</Filter>
    </ClInclude>
    <ClInclude Include="Third Party\Lua\lua.hpp">
      <Filter>Header Files</Filter>
    </ClInclude>
    <ClInclude Include="Third Party\Lua\luaconf.h">
      <Filter>Header Files</Filter>
    </ClInclude>
    <ClInclude Include="Third Party\Lua\lualib.h">
      <Filter>Header Files</Filter>
    </ClInclude>
    <ClInclude Include="Third Party\Lua\lundump.h">
      <Filter>Header Files</Filter>
    </ClInclude>
    <ClInclude Include="Third Party\Lua\lvm.h">
      <Filter>Header Files</Filter>
    </ClInclude>
    <ClInclude Include="Third Party\Lua\lzio.h">
      <Filter>Header Files</Filter>
    </ClInclude>
    <ClInclude Include="src\Renderer.h">
      <Filter>Header Files</Filter>
    </ClInclude>
    <ClInclude Include="Third Party\box2d\b2_api.h">
      <Filter>Header Files</Filter>
    </ClInclude>
    <ClInclude Include="Third Party\box2d\b2_block_allocator.h">
      <Filter>Header Files</Filter>
    </ClInclude>
    <ClInclude Include="Third Party\box2d\b2_body.h">
      <Filter>Header Files</Filter>
    </ClInclude>
    <ClInclude Include="Third Party\box2d\b2_broad_phase.h">
      <Filter>Header Files</Filter>
    </ClInclude>
    <ClInclude Include="Third Party\box2d\b2_chain_shape.h">
      <Filter>Header Files</Filter>
    </ClInclude>
    <ClInclude Include="Third Party\box2d\b2_circle_shape.h">
      <Filter>Header Files</Filter>
    </ClInclude>
    <ClInclude Include="Third Party\box2d\b2_collision.h">
      <Filter>Header Files</Filter>
    </ClInclude>
    <ClInclude Include="Third Party\box2d\b2_common.h">
      <Filter>Header Files</Filter>
    </ClInclude>
    <ClInclude Include="Third Party\box2d\b2_contact.h">
      <Filter>Header Files</Filter>
    </ClInclude>
    <ClInclude Include="Third Party\box2d\b2_contact_manager.h">
      <Filter>Header Files</Filter>
    </ClInclude>
    <ClInclude Include="Third Party\box2d\b2_distance.h">
      <Filter>Header Files</Filter>
    </ClInclude>
    <ClInclude Include="Third Party\box2d\b2_distance_joint.h">
      <Filter>Header Files</Filter>
    </ClInclude>
    <ClInclude Include="Third Party\box2d\b2_draw.h">
      <Filter>Header Files</Filter>
    </ClInclude>
    <ClInclude Include="Third Party\box2d\b2_dynamic_tree.h">
      <Filter>Header Files</Filter>
    </ClInclude>
    <ClInclude Include="Third Party\box2d\b2_edge_shape.h">
      <Filter>Header Files</Filter>
    </ClInclude>
    <ClInclude Include="Third Party\box2d\b2_fixture.h">
      <Filter>Header Files</Filter>
    </ClInclude>
    <ClInclude Include="Third Party\box2d\b2_friction_joint.h">
      <Filter>Header Files</Filter>
    </ClInclude>
    <ClInclude Include="Third Party\box2d\b2_gear_joint.h">
      <Filter>Header Files</Filter>
    </ClInclude>
    <ClInclude Include="Third Party\box2d\b2_growable_stack.h">
      <Filter>Header Files</Filter>
    </ClInclude>
    <ClInclude Include="Third Party\box2d\b2_joint.h">
      <Filter>Header Files</Filter>
    </ClInclude>
    <ClInclude Include="Third Party\box2d\b2_math.h">
      <Filter>Header Files</Filter>
    </ClInclude>
    <ClInclude Include="Third Party\box2d\b2_motor_joint.h">
      <Filter>Header Files</Filter>
    </ClInclude>
    <ClInclude Include="Third Party\box2d\b2_mouse_joint.h">
      <Filter>Header Files</Filter>
    </ClInclude>
    <ClInclude Include="Third Party\box2d\b2_polygon_shape.h">
      <Filter>Header Files</Filter>
    </ClInclude>
    <ClInclude Include="Third Party\box2d\b2_prismatic_joint.h">
      <Filter>Header Files</Filter>
    </ClInclude>
    <ClInclude Include="Third Party\box2d\b2_pulley_joint.h">
      <Filter>Header Files</Filter>
    </ClInclude>
    <ClInclude Include="Third Party\box2d\b2_revolute_joint.h">
      <Filter>Header Files</Filter>
    </ClInclude>
    <ClInclude Include="Third Party\box2d\b2_rope.h">
      <Filter>Header Files</Filter>
    </ClInclude>
    <ClInclude Include="Third Party\box2d\b2_settings.h">
      <Filter>Header Files</Filter>
    </ClInclude>
    <ClInclude Include="Third Party\box2d\b2_shape.h">
      <Filter>Header Files</Filter>
    </ClInclude>
    <ClInclude Include="Third Party\box2d\b2_stack_allocator.h">
      <Filter>Header Files</Filter>
    </ClInclude>
    <ClInclude Include="Third Party\box2d\b2_time_of_impact.h">
      <Filter>Header Files</Filter>
    </ClInclude>
    <ClInclude Include="Third Party\box2d\b2_time_step.h">
      <Filter>Header Files</Filter>
    </ClInclude>
    <ClInclude Include="Third Party\box2d\b2_timer.h">
      <Filter>Header Files</Filter>
    </ClInclude>
    <ClInclude Include="Third Party\box2d\b2_types.h">
      <Filter>Header Files</Filter>
    </ClInclude>
    <ClInclude Include="Third Party\box2d\b2_weld_joint.h">
      <Filter>Header Files</Filter>
    </ClInclude>
    <ClInclude Include="Third Party\box2d\b2_wheel_joint.h">
      <Filter>Header Files</Filter>
    </ClInclude>
    <ClInclude Include="Third Party\box2d\b2_world.h">
      <Filter>Header Files</Filter>
    </ClInclude>
    <ClInclude Include="Third Party\box2d\b2_world_callbacks.h">
      <Filter>Header Files</Filter>
    </ClInclude>
    <ClInclude Include="Third Party\box2d\box2d.h">
      <Filter>Header Files</Filter>
    </ClInclude>
    <ClInclude Include="src\Rigidbody.h">
      <Filter>Header Files</Filter>
    </ClInclude>
    <ClInclude Include="src\dynamics\b2_chain_circle_contact.h">
      <Filter>Header Files</Filter>
    </ClInclude>
    <ClInclude Include="src\dynamics\b2_chain_polygon_contact.h">
      <Filter>Header Files</Filter>
    </ClInclude>
    <ClInclude Include="src\dynamics\b2_circle_contact.h">
      <Filter>Header Files</Filter>
    </ClInclude>
    <ClInclude Include="src\dynamics\b2_contact_solver.h">
      <Filter>Header Files</Filter>
    </ClInclude>
    <ClInclude Include="src\dynamics\b2_edge_circle_contact.h">
      <Filter>Header Files</Filter>
    </ClInclude>
    <ClInclude Include="src\dynamics\b2_edge_polygon_contact.h">
      <Filter>Header Files</Filter>
    </ClInclude>
    <ClInclude Include="src\dynamics\b2_island.h">
      <Filter>Header Files</Filter>
    </ClInclude>
    <ClInclude Include="src\dynamics\b2_polygon_circle_contact.h">
      <Filter>Header Files</Filter>
    </ClInclude>
    <ClInclude Include="src\dynamics\b2_polygon_contact.h">
      <Filter>Header Files</Filter>
    </ClInclude>
    <ClInclude Include="src\Raycast.h">
      <Filter>Header Files</Filter>
    </ClInclude>
    <ClInclude Include="src\Event.h">
      <Filter>Header Files</Filter>
    </ClInclude>
  </ItemGroup>
</Project>